Microsoft Visual Studio Solution File, Format Version 9.00
# Visual Studio 2005
Project("{8BC9CEB8-8B4A-11D0-8D11-00A0C91BC942}") = "Goto++", "GOTO++\Goto++.vcproj", "{11AB3E98-23F3-4F12-8B69-B9B837FD51F7}"
	ProjectSection(ProjectDependencies) = postProject
		{1B6D5EED-C5FD-48D9-BF90-F4BCC50F9566} = {1B6D5EED-C5FD-48D9-BF90-F4BCC50F9566}
	EndProjectSection
EndProject
Project("{8BC9CEB8-8B4A-11D0-8D11-00A0C91BC942}") = "chaussettes", "chaussettes\chaussettes.vcproj", "{A08A9CD3-6F20-4E15-A672-238165F67F05}"
EndProject
Project("{8BC9CEB8-8B4A-11D0-8D11-00A0C91BC942}") = "tortue", "tortue\tortue.vcproj", "{D910C505-2303-4142-9DE0-579F2D9A2601}"
EndProject
Project("{8BC9CEB8-8B4A-11D0-8D11-00A0C91BC942}") = "hachetml", "hachetml\hachetml.vcproj", "{D642DF84-2186-4F68-8C4D-45B4E821336B}"
EndProject
Project("{8BC9CEB8-8B4A-11D0-8D11-00A0C91BC942}") = "troisde", "troisde\troisde.vcproj", "{48EA9BD8-85C0-4D69-9E6D-57BB8FA20403}"
EndProject
Project("{54435603-DBB4-11D2-8724-00A0C9A8B90C}") = "ModuleInterp", "ModuleInterp\ModuleInterp.vdproj", "{AF728C0B-F47E-400C-B9D9-9B1B9F743670}"
	ProjectSection(ProjectDependencies) = postProject
		{D910C505-2303-4142-9DE0-579F2D9A2601} = {D910C505-2303-4142-9DE0-579F2D9A2601}
		{D642DF84-2186-4F68-8C4D-45B4E821336B} = {D642DF84-2186-4F68-8C4D-45B4E821336B}
		{11AB3E98-23F3-4F12-8B69-B9B837FD51F7} = {11AB3E98-23F3-4F12-8B69-B9B837FD51F7}
		{A08A9CD3-6F20-4E15-A672-238165F67F05} = {A08A9CD3-6F20-4E15-A672-238165F67F05}
		{48EA9BD8-85C0-4D69-9E6D-57BB8FA20403} = {48EA9BD8-85C0-4D69-9E6D-57BB8FA20403}
		{A1B92AF1-5422-495D-BA05-B50D1A093A35} = {A1B92AF1-5422-495D-BA05-B50D1A093A35}
	EndProjectSection
EndProject
Project("{54435603-DBB4-11D2-8724-00A0C9A8B90C}") = "InstGOTO++", "InstGOTO++\InstGOTO++.vdproj", "{9236EFB5-258D-45F6-80D5-578588EAC0F6}"
	ProjectSection(ProjectDependencies) = postProject
		{D910C505-2303-4142-9DE0-579F2D9A2601} = {D910C505-2303-4142-9DE0-579F2D9A2601}
		{AF728C0B-F47E-400C-B9D9-9B1B9F743670} = {AF728C0B-F47E-400C-B9D9-9B1B9F743670}
		{D642DF84-2186-4F68-8C4D-45B4E821336B} = {D642DF84-2186-4F68-8C4D-45B4E821336B}
		{11AB3E98-23F3-4F12-8B69-B9B837FD51F7} = {11AB3E98-23F3-4F12-8B69-B9B837FD51F7}
		{A08A9CD3-6F20-4E15-A672-238165F67F05} = {A08A9CD3-6F20-4E15-A672-238165F67F05}
		{48EA9BD8-85C0-4D69-9E6D-57BB8FA20403} = {48EA9BD8-85C0-4D69-9E6D-57BB8FA20403}
		{A1B92AF1-5422-495D-BA05-B50D1A093A35} = {A1B92AF1-5422-495D-BA05-B50D1A093A35}
	EndProjectSection
EndProject
Project("{54435603-DBB4-11D2-8724-00A0C9A8B90C}") = "BomberNIAC", "BomberNIAC\BomberNIAC.vdproj", "{406D2DF8-E473-4DBF-8C53-079A9C67366B}"
	ProjectSection(ProjectDependencies) = postProject
		{D910C505-2303-4142-9DE0-579F2D9A2601} = {D910C505-2303-4142-9DE0-579F2D9A2601}
		{AF728C0B-F47E-400C-B9D9-9B1B9F743670} = {AF728C0B-F47E-400C-B9D9-9B1B9F743670}
		{D642DF84-2186-4F68-8C4D-45B4E821336B} = {D642DF84-2186-4F68-8C4D-45B4E821336B}
		{11AB3E98-23F3-4F12-8B69-B9B837FD51F7} = {11AB3E98-23F3-4F12-8B69-B9B837FD51F7}
		{A08A9CD3-6F20-4E15-A672-238165F67F05} = {A08A9CD3-6F20-4E15-A672-238165F67F05}
		{48EA9BD8-85C0-4D69-9E6D-57BB8FA20403} = {48EA9BD8-85C0-4D69-9E6D-57BB8FA20403}
		{A1B92AF1-5422-495D-BA05-B50D1A093A35} = {A1B92AF1-5422-495D-BA05-B50D1A093A35}
	EndProjectSection
EndProject
Project("{8BC9CEB8-8B4A-11D0-8D11-00A0C91BC942}") = "Aide", "Aide\Aide.vcproj", "{4C1FB9E1-0A28-449F-ADDF-5AB5BA24F567}"
EndProject
Project("{8BC9CEB8-8B4A-11D0-8D11-00A0C91BC942}") = "Interpreteur", "Interpreteur\Interpreteur.vcproj", "{A1B92AF1-5422-495D-BA05-B50D1A093A35}"
	ProjectSection(ProjectDependencies) = postProject
		{11AB3E98-23F3-4F12-8B69-B9B837FD51F7} = {11AB3E98-23F3-4F12-8B69-B9B837FD51F7}
	EndProjectSection
EndProject
Project("{8BC9CEB8-8B4A-11D0-8D11-00A0C91BC942}") = "BoehmGC", "BoehmGC\BoehmGC.vcproj", "{1B6D5EED-C5FD-48D9-BF90-F4BCC50F9566}"
EndProject
Global
	GlobalSection(SolutionConfigurationPlatforms) = preSolution
		Debug Sérieux|Win32 = Debug Sérieux|Win32
		Debug|Win32 = Debug|Win32
		Release|Win32 = Release|Win32
	EndGlobalSection
	GlobalSection(ProjectConfigurationPlatforms) = postSolution
		{11AB3E98-23F3-4F12-8B69-B9B837FD51F7}.Debug Sérieux|Win32.ActiveCfg = Debug Sérieux|Win32
		{11AB3E98-23F3-4F12-8B69-B9B837FD51F7}.Debug Sérieux|Win32.Build.0 = Debug Sérieux|Win32
		{11AB3E98-23F3-4F12-8B69-B9B837FD51F7}.Debug|Win32.ActiveCfg = Debug|Win32
		{11AB3E98-23F3-4F12-8B69-B9B837FD51F7}.Debug|Win32.Build.0 = Debug|Win32
		{11AB3E98-23F3-4F12-8B69-B9B837FD51F7}.Release|Win32.ActiveCfg = Release|Win32
		{11AB3E98-23F3-4F12-8B69-B9B837FD51F7}.Release|Win32.Build.0 = Release|Win32
		{A08A9CD3-6F20-4E15-A672-238165F67F05}.Debug Sérieux|Win32.ActiveCfg = Debug Sérieux|Win32
		{A08A9CD3-6F20-4E15-A672-238165F67F05}.Debug Sérieux|Win32.Build.0 = Debug Sérieux|Win32
		{A08A9CD3-6F20-4E15-A672-238165F67F05}.Debug|Win32.ActiveCfg = Debug|Win32
		{A08A9CD3-6F20-4E15-A672-238165F67F05}.Release|Win32.ActiveCfg = Release|Win32
		{A08A9CD3-6F20-4E15-A672-238165F67F05}.Release|Win32.Build.0 = Release|Win32
		{D910C505-2303-4142-9DE0-579F2D9A2601}.Debug Sérieux|Win32.ActiveCfg = Debug Sérieux|Win32
		{D910C505-2303-4142-9DE0-579F2D9A2601}.Debug|Win32.ActiveCfg = Debug|Win32
		{D910C505-2303-4142-9DE0-579F2D9A2601}.Release|Win32.ActiveCfg = Release|Win32
		{D910C505-2303-4142-9DE0-579F2D9A2601}.Release|Win32.Build.0 = Release|Win32
		{D642DF84-2186-4F68-8C4D-45B4E821336B}.Debug Sérieux|Win32.ActiveCfg = Debug|Win32
		{D642DF84-2186-4F68-8C4D-45B4E821336B}.Debug Sérieux|Win32.Build.0 = Debug|Win32
		{D642DF84-2186-4F68-8C4D-45B4E821336B}.Debug|Win32.ActiveCfg = Debug|Win32
		{D642DF84-2186-4F68-8C4D-45B4E821336B}.Release|Win32.ActiveCfg = Release|Win32
		{48EA9BD8-85C0-4D69-9E6D-57BB8FA20403}.Debug Sérieux|Win32.ActiveCfg = Debug|Win32
		{48EA9BD8-85C0-4D69-9E6D-57BB8FA20403}.Debug Sérieux|Win32.Build.0 = Debug|Win32
		{48EA9BD8-85C0-4D69-9E6D-57BB8FA20403}.Debug|Win32.ActiveCfg = Debug|Win32
		{48EA9BD8-85C0-4D69-9E6D-57BB8FA20403}.Release|Win32.ActiveCfg = Release|Win32
		{AF728C0B-F47E-400C-B9D9-9B1B9F743670}.Debug Sérieux|Win32.ActiveCfg = Debug
		{AF728C0B-F47E-400C-B9D9-9B1B9F743670}.Debug Sérieux|Win32.Build.0 = Debug
		{AF728C0B-F47E-400C-B9D9-9B1B9F743670}.Debug|Win32.ActiveCfg = Debug
		{AF728C0B-F47E-400C-B9D9-9B1B9F743670}.Release|Win32.ActiveCfg = Release
		{AF728C0B-F47E-400C-B9D9-9B1B9F743670}.Release|Win32.Build.0 = Release
		{9236EFB5-258D-45F6-80D5-578588EAC0F6}.Debug Sérieux|Win32.ActiveCfg = Debug
		{9236EFB5-258D-45F6-80D5-578588EAC0F6}.Debug|Win32.ActiveCfg = Debug
		{9236EFB5-258D-45F6-80D5-578588EAC0F6}.Release|Win32.ActiveCfg = Release
		{9236EFB5-258D-45F6-80D5-578588EAC0F6}.Release|Win32.Build.0 = Release
		{406D2DF8-E473-4DBF-8C53-079A9C67366B}.Debug Sérieux|Win32.ActiveCfg = Debug
		{406D2DF8-E473-4DBF-8C53-079A9C67366B}.Debug|Win32.ActiveCfg = Debug
		{406D2DF8-E473-4DBF-8C53-079A9C67366B}.Release|Win32.ActiveCfg = Release
		{406D2DF8-E473-4DBF-8C53-079A9C67366B}.Release|Win32.Build.0 = Release
		{4C1FB9E1-0A28-449F-ADDF-5AB5BA24F567}.Debug Sérieux|Win32.ActiveCfg = Debug|Win32
		{4C1FB9E1-0A28-449F-ADDF-5AB5BA24F567}.Debug Sérieux|Win32.Build.0 = Debug|Win32
		{4C1FB9E1-0A28-449F-ADDF-5AB5BA24F567}.Debug|Win32.ActiveCfg = Debug|Win32
		{4C1FB9E1-0A28-449F-ADDF-5AB5BA24F567}.Release|Win32.ActiveCfg = Release|Win32
		{4C1FB9E1-0A28-449F-ADDF-5AB5BA24F567}.Release|Win32.Build.0 = Release|Win32
		{A1B92AF1-5422-495D-BA05-B50D1A093A35}.Debug Sérieux|Win32.ActiveCfg = Debug|Win32
		{A1B92AF1-5422-495D-BA05-B50D1A093A35}.Debug Sérieux|Win32.Build.0 = Debug|Win32
		{A1B92AF1-5422-495D-BA05-B50D1A093A35}.Debug|Win32.ActiveCfg = Debug|Win32
		{A1B92AF1-5422-495D-BA05-B50D1A093A35}.Debug|Win32.Build.0 = Debug|Win32
		{A1B92AF1-5422-495D-BA05-B50D1A093A35}.Release|Win32.ActiveCfg = Release|Win32
		{A1B92AF1-5422-495D-BA05-B50D1A093A35}.Release|Win32.Build.0 = Release|Win32
		{1B6D5EED-C5FD-48D9-BF90-F4BCC50F9566}.Debug Sérieux|Win32.ActiveCfg = Debug|Win32
		{1B6D5EED-C5FD-48D9-BF90-F4BCC50F9566}.Debug Sérieux|Win32.Build.0 = Debug|Win32
		{1B6D5EED-C5FD-48D9-BF90-F4BCC50F9566}.Debug|Win32.ActiveCfg = Debug|Win32
		{1B6D5EED-C5FD-48D9-BF90-F4BCC50F9566}.Debug|Win32.Build.0 = Debug|Win32
		{1B6D5EED-C5FD-48D9-BF90-F4BCC50F9566}.Release|Win32.ActiveCfg = Release|Win32
		{1B6D5EED-C5FD-48D9-BF90-F4BCC50F9566}.Release|Win32.Build.0 = Release|Win32
	EndGlobalSection
	GlobalSection(SolutionProperties) = preSolution
		HideSolutionNode = FALSE
	EndGlobalSection
EndGlobal
