<?xml version="1.0" encoding="utf-8"?>
<Project ToolsVersion="4.0" xmlns="http://schemas.microsoft.com/developer/msbuild/2003">
  <ItemGroup>
    <Filter Include="Source Files">
      <UniqueIdentifier>{4FC737F1-C7A5-4376-A066-2A32D752A2FF}</UniqueIdentifier>
      <Extensions>cpp;c;cc;cxx;def;odl;idl;hpj;bat;asm;asmx</Extensions>
    </Filter>
    <Filter Include="Header Files">
      <UniqueIdentifier>{93995380-89BD-4b04-88EB-625FBE52EBFB}</UniqueIdentifier>
      <Extensions>h;hpp;hxx;hm;inl;inc;xsd</Extensions>
    </Filter>
    <Filter Include="Header Files\private">
      <UniqueIdentifier>{cb589597-e76c-4328-933c-59caade8b706}</UniqueIdentifier>
    </Filter>
    <Filter Include="Resource Files">
      <UniqueIdentifier>{67DA6AB6-F800-4c08-8B7A-83BB121AAD01}</UniqueIdentifier>
      <Extensions>rc;ico;cur;bmp;dlg;rc2;rct;bin;rgs;gif;jpg;jpeg;jpe;resx;tiff;tif;png;wav</Extensions>
    </Filter>
  </ItemGroup>
  <ItemGroup>
    <ClCompile Include="..\..\boehmgc\src\allchblk.c">
      <Filter>Source Files</Filter>
    </ClCompile>
    <ClCompile Include="..\..\boehmgc\src\alloc.c">
      <Filter>Source Files</Filter>
    </ClCompile>
    <ClCompile Include="..\..\boehmgc\src\blacklst.c">
      <Filter>Source Files</Filter>
    </ClCompile>
    <ClCompile Include="..\..\boehmgc\src\dbg_mlc.c">
      <Filter>Source Files</Filter>
    </ClCompile>
    <ClCompile Include="..\..\boehmgc\src\dyn_load.c">
      <Filter>Source Files</Filter>
    </ClCompile>
    <ClCompile Include="..\..\boehmgc\src\finalize.c">
      <Filter>Source Files</Filter>
    </ClCompile>
    <ClCompile Include="..\..\boehmgc\src\gc_cpp.cpp">
      <Filter>Source Files</Filter>
    </ClCompile>
    <ClCompile Include="..\..\boehmgc\src\headers.c">
      <Filter>Source Files</Filter>
    </ClCompile>
    <ClCompile Include="..\..\boehmgc\src\mach_dep.c">
      <Filter>Source Files</Filter>
    </ClCompile>
    <ClCompile Include="..\..\boehmgc\src\malloc.c">
      <Filter>Source Files</Filter>
    </ClCompile>
    <ClCompile Include="..\..\boehmgc\src\mallocx.c">
      <Filter>Source Files</Filter>
    </ClCompile>
    <ClCompile Include="..\..\boehmgc\src\mark.c">
      <Filter>Source Files</Filter>
    </ClCompile>
    <ClCompile Include="..\..\boehmgc\src\mark_rts.c">
      <Filter>Source Files</Filter>
    </ClCompile>
    <ClCompile Include="..\..\boehmgc\src\misc.c">
      <Filter>Source Files</Filter>
    </ClCompile>
    <ClCompile Include="..\..\boehmgc\src\new_hblk.c">
      <Filter>Source Files</Filter>
    </ClCompile>
    <ClCompile Include="..\..\boehmgc\src\obj_map.c">
      <Filter>Source Files</Filter>
    </ClCompile>
    <ClCompile Include="..\..\boehmgc\src\os_dep.c">
      <Filter>Source Files</Filter>
    </ClCompile>
    <ClCompile Include="..\..\boehmgc\src\ptr_chck.c">
      <Filter>Source Files</Filter>
    </ClCompile>
    <ClCompile Include="..\..\boehmgc\src\reclaim.c">
      <Filter>Source Files</Filter>
    </ClCompile>
    <ClCompile Include="..\..\boehmgc\src\stubborn.c">
      <Filter>Source Files</Filter>
    </ClCompile>
    <ClCompile Include="..\..\boehmgc\src\typd_mlc.c">
      <Filter>Source Files</Filter>
    </ClCompile>
    <ClCompile Include="..\..\boehmgc\src\win32_threads.c">
      <Filter>Source Files</Filter>
    </ClCompile>
  </ItemGroup>
  <ItemGroup>
    <ClInclude Include="..\..\boehmgc\include\cord.h">
      <Filter>Header Files</Filter>
    </ClInclude>
    <ClInclude Include="..\..\boehmgc\include\ec.h">
      <Filter>Header Files</Filter>
    </ClInclude>
    <ClInclude Include="..\..\boehmgc\include\gc.h">
      <Filter>Header Files</Filter>
    </ClInclude>
    <ClInclude Include="..\..\boehmgc\include\gc_alloc.h">
      <Filter>Header Files</Filter>
    </ClInclude>
    <ClInclude Include="..\..\boehmgc\include\gc_allocator.h">
      <Filter>Header Files</Filter>
    </ClInclude>
    <ClInclude Include="..\..\boehmgc\include\gc_amiga_redirects.h">
      <Filter>Header Files</Filter>
    </ClInclude>
    <ClInclude Include="..\..\boehmgc\include\gc_backptr.h">
      <Filter>Header Files</Filter>
    </ClInclude>
    <ClInclude Include="..\..\boehmgc\include\gc_config_macros.h">
      <Filter>Header Files</Filter>
    </ClInclude>
    <ClInclude Include="..\..\boehmgc\include\gc_cpp.h">
      <Filter>Header Files</Filter>
    </ClInclude>
    <ClInclude Include="..\..\boehmgc\include\gc_gcj.h">
      <Filter>Header Files</Filter>
    </ClInclude>
    <ClInclude Include="..\..\boehmgc\include\gc_inl.h">
      <Filter>Header Files</Filter>
    </ClInclude>
    <ClInclude Include="..\..\boehmgc\include\gc_inline.h">
      <Filter>Header Files</Filter>
    </ClInclude>
    <ClInclude Include="..\..\boehmgc\include\gc_local_alloc.h">
      <Filter>Header Files</Filter>
    </ClInclude>
    <ClInclude Include="..\..\boehmgc\include\gc_mark.h">
      <Filter>Header Files</Filter>
    </ClInclude>
    <ClInclude Include="..\..\boehmgc\include\gc_pthread_redirects.h">
      <Filter>Header Files</Filter>
    </ClInclude>
    <ClInclude Include="..\..\boehmgc\include\gc_typed.h">
      <Filter>Header Files</Filter>
    </ClInclude>
    <ClInclude Include="..\..\boehmgc\include\javaxfc.h">
      <Filter>Header Files</Filter>
    </ClInclude>
    <ClInclude Include="..\..\boehmgc\include\leak_detector.h">
      <Filter>Header Files</Filter>
    </ClInclude>
    <ClInclude Include="..\..\boehmgc\include\new_gc_alloc.h">
      <Filter>Header Files</Filter>
    </ClInclude>
    <ClInclude Include="..\..\boehmgc\include\weakpointer.h">
      <Filter>Header Files</Filter>
    </ClInclude>
    <ClInclude Include="..\..\boehmgc\include\private\cord_pos.h">
      <Filter>Header Files\private</Filter>
    </ClInclude>
    <ClInclude Include="..\..\boehmgc\include\private\darwin_semaphore.h">
      <Filter>Header Files\private</Filter>
    </ClInclude>
    <ClInclude Include="..\..\boehmgc\include\private\darwin_stop_world.h">
      <Filter>Header Files\private</Filter>
    </ClInclude>
    <ClInclude Include="..\..\boehmgc\include\private\dbg_mlc.h">
      <Filter>Header Files\private</Filter>
    </ClInclude>
    <ClInclude Include="..\..\boehmgc\include\private\gc_hdrs.h">
      <Filter>Header Files\private</Filter>
    </ClInclude>
    <ClInclude Include="..\..\boehmgc\include\private\gc_locks.h">
      <Filter>Header Files\private</Filter>
    </ClInclude>
    <ClInclude Include="..\..\boehmgc\include\private\gc_pmark.h">
      <Filter>Header Files\private</Filter>
    </ClInclude>
    <ClInclude Include="..\..\boehmgc\include\private\gc_priv.h">
      <Filter>Header Files\private</Filter>
    </ClInclude>
    <ClInclude Include="..\..\boehmgc\include\private\gcconfig.h">
      <Filter>Header Files\private</Filter>
    </ClInclude>
    <ClInclude Include="..\..\boehmgc\include\private\pthread_stop_world.h">
      <Filter>Header Files\private</Filter>
    </ClInclude>
    <ClInclude Include="..\..\boehmgc\include\private\pthread_support.h">
      <Filter>Header Files\private</Filter>
    </ClInclude>
    <ClInclude Include="..\..\boehmgc\include\private\solaris_threads.h">
      <Filter>Header Files\private</Filter>
    </ClInclude>
    <ClInclude Include="..\..\boehmgc\include\private\specific.h">
      <Filter>Header Files\private</Filter>
    </ClInclude>
  </ItemGroup>
  <ItemGroup>
    <Text Include="..\..\boehmgc\CMakeLists.txt" />
    <Text Include="ReadMe.txt" />
  </ItemGroup>
</Project>